
Microsoft Visual Studio Solution File, Format Version 12.00
# Visual Studio Version 17
VisualStudioVersion = 17.9.34728.123
MinimumVisualStudioVersion = 10.0.40219.1
Project("{FAE04EC0-301F-11D3-BF4B-00C04F79EFBC}") = "NZWalksAPI", "NZWalksAPI\NZWalksAPI.csproj", "{55778F23-FBF0-4F53-990E-EF32313B8F6E}"
EndProject
Global
	GlobalSection(SolutionConfigurationPlatforms) = preSolution
		Debug|Any CPU = Debug|Any CPU
		Release|Any CPU = Release|Any CPU
	EndGlobalSection
	GlobalSection(ProjectConfigurationPlatforms) = postSolution
		{55778F23-FBF0-4F53-990E-EF32313B8F6E}.Debug|Any CPU.ActiveCfg = Debug|Any CPU
		{55778F23-FBF0-4F53-990E-EF32313B8F6E}.Debug|Any CPU.Build.0 = Debug|Any CPU
		{55778F23-FBF0-4F53-990E-EF32313B8F6E}.Release|Any CPU.ActiveCfg = Release|Any CPU
		{55778F23-FBF0-4F53-990E-EF32313B8F6E}.Release|Any CPU.Build.0 = Release|Any CPU
	EndGlobalSection
	GlobalSection(SolutionProperties) = preSolution
		HideSolutionNode = FALSE
	EndGlobalSection
	GlobalSection(ExtensibilityGlobals) = postSolution
		SolutionGuid = {87AE11A0-ADB3-42ED-8FB5-69228094F5D2}
	EndGlobalSection
EndGlobal
